
Microsoft Visual Studio Solution File, Format Version 12.00
# Visual Studio Version 17
VisualStudioVersion = 17.6.33829.357
MinimumVisualStudioVersion = 10.0.40219.1
Project("{FAE04EC0-301F-11D3-BF4B-00C04F79EFBC}") = "PrjQuiz", "PrjQuiz\PrjQuiz.csproj", "{6374EBD1-A048-4DDE-8551-F30D0DEB7461}"
EndProject
Global
	GlobalSection(SolutionConfigurationPlatforms) = preSolution
		Debug|Any CPU = Debug|Any CPU
		Release|Any CPU = Release|Any CPU
	EndGlobalSection
	GlobalSection(ProjectConfigurationPlatforms) = postSolution
		{6374EBD1-A048-4DDE-8551-F30D0DEB7461}.Debug|Any CPU.ActiveCfg = Debug|Any CPU
		{6374EBD1-A048-4DDE-8551-F30D0DEB7461}.Debug|Any CPU.Build.0 = Debug|Any CPU
		{6374EBD1-A048-4DDE-8551-F30D0DEB7461}.Release|Any CPU.ActiveCfg = Release|Any CPU
		{6374EBD1-A048-4DDE-8551-F30D0DEB7461}.Release|Any CPU.Build.0 = Release|Any CPU
	EndGlobalSection
	GlobalSection(SolutionProperties) = preSolution
		HideSolutionNode = FALSE
	EndGlobalSection
	GlobalSection(ExtensibilityGlobals) = postSolution
		SolutionGuid = {ECFFD447-8B1A-4FF8-BA24-AD444CFF860C}
	EndGlobalSection
EndGlobal
